
Microsoft Visual Studio Solution File, Format Version 12.00
# Visual Studio Version 17
VisualStudioVersion = 17.11.35222.181
MinimumVisualStudioVersion = 10.0.40219.1
Project("{8BC9CEB8-8B4A-11D0-8D11-00A0C91BC942}") = "Project1", "Project1.vcxproj", "{AEA8B4E1-9F57-468C-A900-6BFFC56C82A8}"
EndProject
Global
	GlobalSection(SolutionConfigurationPlatforms) = preSolution
		Debug|x64 = Debug|x64
		Debug|x86 = Debug|x86
		Release|x64 = Release|x64
		Release|x86 = Release|x86
	EndGlobalSection
	GlobalSection(ProjectConfigurationPlatforms) = postSolution
		{AEA8B4E1-9F57-468C-A900-6BFFC56C82A8}.Debug|x64.ActiveCfg = Debug|x64
		{AEA8B4E1-9F57-468C-A900-6BFFC56C82A8}.Debug|x64.Build.0 = Debug|x64
		{AEA8B4E1-9F57-468C-A900-6BFFC56C82A8}.Debug|x86.ActiveCfg = Debug|Win32
		{AEA8B4E1-9F57-468C-A900-6BFFC56C82A8}.Debug|x86.Build.0 = Debug|Win32
		{AEA8B4E1-9F57-468C-A900-6BFFC56C82A8}.Release|x64.ActiveCfg = Release|x64
		{AEA8B4E1-9F57-468C-A900-6BFFC56C82A8}.Release|x64.Build.0 = Release|x64
		{AEA8B4E1-9F57-468C-A900-6BFFC56C82A8}.Release|x86.ActiveCfg = Release|Win32
		{AEA8B4E1-9F57-468C-A900-6BFFC56C82A8}.Release|x86.Build.0 = Release|Win32
	EndGlobalSection
	GlobalSection(SolutionProperties) = preSolution
		HideSolutionNode = FALSE
	EndGlobalSection
	GlobalSection(ExtensibilityGlobals) = postSolution
		SolutionGuid = {AE8745BB-272D-466C-BD8F-2CD6F9AB5585}
	EndGlobalSection
EndGlobal
