
Microsoft Visual Studio Solution File, Format Version 12.00
# Visual Studio Version 17
VisualStudioVersion = 17.11.35222.181
MinimumVisualStudioVersion = 10.0.40219.1
Project("{8BC9CEB8-8B4A-11D0-8D11-00A0C91BC942}") = "Stack", "Stack.vcxproj", "{FEBC1211-6DDA-431E-9FBF-7B2F80FABB16}"
EndProject
Global
	GlobalSection(SolutionConfigurationPlatforms) = preSolution
		Debug|x64 = Debug|x64
		Debug|x86 = Debug|x86
		Release|x64 = Release|x64
		Release|x86 = Release|x86
	EndGlobalSection
	GlobalSection(ProjectConfigurationPlatforms) = postSolution
		{FEBC1211-6DDA-431E-9FBF-7B2F80FABB16}.Debug|x64.ActiveCfg = Debug|x64
		{FEBC1211-6DDA-431E-9FBF-7B2F80FABB16}.Debug|x64.Build.0 = Debug|x64
		{FEBC1211-6DDA-431E-9FBF-7B2F80FABB16}.Debug|x86.ActiveCfg = Debug|Win32
		{FEBC1211-6DDA-431E-9FBF-7B2F80FABB16}.Debug|x86.Build.0 = Debug|Win32
		{FEBC1211-6DDA-431E-9FBF-7B2F80FABB16}.Release|x64.ActiveCfg = Release|x64
		{FEBC1211-6DDA-431E-9FBF-7B2F80FABB16}.Release|x64.Build.0 = Release|x64
		{FEBC1211-6DDA-431E-9FBF-7B2F80FABB16}.Release|x86.ActiveCfg = Release|Win32
		{FEBC1211-6DDA-431E-9FBF-7B2F80FABB16}.Release|x86.Build.0 = Release|Win32
	EndGlobalSection
	GlobalSection(SolutionProperties) = preSolution
		HideSolutionNode = FALSE
	EndGlobalSection
	GlobalSection(ExtensibilityGlobals) = postSolution
		SolutionGuid = {FDC9E8F4-E080-4A92-8E56-7B3F8B6A41D3}
	EndGlobalSection
EndGlobal
