
Microsoft Visual Studio Solution File, Format Version 12.00
# Visual Studio Version 17
VisualStudioVersion = 17.7.34024.191
MinimumVisualStudioVersion = 10.0.40219.1
Project("{8BC9CEB8-8B4A-11D0-8D11-00A0C91BC942}") = "FILEIO", "FILEIO.vcxproj", "{345FFB31-1899-4FF7-89DF-5923BC7F9E8D}"
EndProject
Global
	GlobalSection(SolutionConfigurationPlatforms) = preSolution
		Debug|x64 = Debug|x64
		Debug|x86 = Debug|x86
		Release|x64 = Release|x64
		Release|x86 = Release|x86
	EndGlobalSection
	GlobalSection(ProjectConfigurationPlatforms) = postSolution
		{345FFB31-1899-4FF7-89DF-5923BC7F9E8D}.Debug|x64.ActiveCfg = Debug|x64
		{345FFB31-1899-4FF7-89DF-5923BC7F9E8D}.Debug|x64.Build.0 = Debug|x64
		{345FFB31-1899-4FF7-89DF-5923BC7F9E8D}.Debug|x86.ActiveCfg = Debug|Win32
		{345FFB31-1899-4FF7-89DF-5923BC7F9E8D}.Debug|x86.Build.0 = Debug|Win32
		{345FFB31-1899-4FF7-89DF-5923BC7F9E8D}.Release|x64.ActiveCfg = Release|x64
		{345FFB31-1899-4FF7-89DF-5923BC7F9E8D}.Release|x64.Build.0 = Release|x64
		{345FFB31-1899-4FF7-89DF-5923BC7F9E8D}.Release|x86.ActiveCfg = Release|Win32
		{345FFB31-1899-4FF7-89DF-5923BC7F9E8D}.Release|x86.Build.0 = Release|Win32
	EndGlobalSection
	GlobalSection(SolutionProperties) = preSolution
		HideSolutionNode = FALSE
	EndGlobalSection
	GlobalSection(ExtensibilityGlobals) = postSolution
		SolutionGuid = {C307D97C-76ED-4C31-99E9-ECDAA2C0CF7B}
	EndGlobalSection
EndGlobal
