
Microsoft Visual Studio Solution File, Format Version 12.00
# Visual Studio Version 17
VisualStudioVersion = 17.11.35222.181
MinimumVisualStudioVersion = 10.0.40219.1
Project("{8BC9CEB8-8B4A-11D0-8D11-00A0C91BC942}") = "Circle", "Circle.vcxproj", "{66BF87B1-74DE-4BA2-9CA6-9D261E57C9D8}"
EndProject
Global
	GlobalSection(SolutionConfigurationPlatforms) = preSolution
		Debug|x64 = Debug|x64
		Debug|x86 = Debug|x86
		Release|x64 = Release|x64
		Release|x86 = Release|x86
	EndGlobalSection
	GlobalSection(ProjectConfigurationPlatforms) = postSolution
		{66BF87B1-74DE-4BA2-9CA6-9D261E57C9D8}.Debug|x64.ActiveCfg = Debug|x64
		{66BF87B1-74DE-4BA2-9CA6-9D261E57C9D8}.Debug|x64.Build.0 = Debug|x64
		{66BF87B1-74DE-4BA2-9CA6-9D261E57C9D8}.Debug|x86.ActiveCfg = Debug|Win32
		{66BF87B1-74DE-4BA2-9CA6-9D261E57C9D8}.Debug|x86.Build.0 = Debug|Win32
		{66BF87B1-74DE-4BA2-9CA6-9D261E57C9D8}.Release|x64.ActiveCfg = Release|x64
		{66BF87B1-74DE-4BA2-9CA6-9D261E57C9D8}.Release|x64.Build.0 = Release|x64
		{66BF87B1-74DE-4BA2-9CA6-9D261E57C9D8}.Release|x86.ActiveCfg = Release|Win32
		{66BF87B1-74DE-4BA2-9CA6-9D261E57C9D8}.Release|x86.Build.0 = Release|Win32
	EndGlobalSection
	GlobalSection(SolutionProperties) = preSolution
		HideSolutionNode = FALSE
	EndGlobalSection
	GlobalSection(ExtensibilityGlobals) = postSolution
		SolutionGuid = {D30A4102-C8EA-48F1-A4DB-EE38EE4246CB}
	EndGlobalSection
EndGlobal
